
Microsoft Visual Studio Solution File, Format Version 12.00
# Visual Studio Version 17
VisualStudioVersion = 17.1.32228.430
MinimumVisualStudioVersion = 10.0.40219.1
Project("{FAE04EC0-301F-11D3-BF4B-00C04F79EFBC}") = "StringBuilder", "StringBuilder\StringBuilder.csproj", "{30D98A56-BC95-4D40-8EB5-DD9579A8DD21}"
EndProject
Global
	GlobalSection(SolutionConfigurationPlatforms) = preSolution
		Debug|Any CPU = Debug|Any CPU
		Release|Any CPU = Release|Any CPU
	EndGlobalSection
	GlobalSection(ProjectConfigurationPlatforms) = postSolution
		{30D98A56-BC95-4D40-8EB5-DD9579A8DD21}.Debug|Any CPU.ActiveCfg = Debug|Any CPU
		{30D98A56-BC95-4D40-8EB5-DD9579A8DD21}.Debug|Any CPU.Build.0 = Debug|Any CPU
		{30D98A56-BC95-4D40-8EB5-DD9579A8DD21}.Release|Any CPU.ActiveCfg = Release|Any CPU
		{30D98A56-BC95-4D40-8EB5-DD9579A8DD21}.Release|Any CPU.Build.0 = Release|Any CPU
	EndGlobalSection
	GlobalSection(SolutionProperties) = preSolution
		HideSolutionNode = FALSE
	EndGlobalSection
	GlobalSection(ExtensibilityGlobals) = postSolution
		SolutionGuid = {1A78F339-0531-44B8-9E31-DF593E4A688F}
	EndGlobalSection
EndGlobal
