
Microsoft Visual Studio Solution File, Format Version 12.00
# Visual Studio Version 17
VisualStudioVersion = 17.1.32228.430
MinimumVisualStudioVersion = 10.0.40219.1
Project("{FAE04EC0-301F-11D3-BF4B-00C04F79EFBC}") = "String_s2", "String_s2\String_s2.csproj", "{A6A38DF2-26B7-4540-85D7-BECD499AEBE3}"
EndProject
Global
	GlobalSection(SolutionConfigurationPlatforms) = preSolution
		Debug|Any CPU = Debug|Any CPU
		Release|Any CPU = Release|Any CPU
	EndGlobalSection
	GlobalSection(ProjectConfigurationPlatforms) = postSolution
		{A6A38DF2-26B7-4540-85D7-BECD499AEBE3}.Debug|Any CPU.ActiveCfg = Debug|Any CPU
		{A6A38DF2-26B7-4540-85D7-BECD499AEBE3}.Debug|Any CPU.Build.0 = Debug|Any CPU
		{A6A38DF2-26B7-4540-85D7-BECD499AEBE3}.Release|Any CPU.ActiveCfg = Release|Any CPU
		{A6A38DF2-26B7-4540-85D7-BECD499AEBE3}.Release|Any CPU.Build.0 = Release|Any CPU
	EndGlobalSection
	GlobalSection(SolutionProperties) = preSolution
		HideSolutionNode = FALSE
	EndGlobalSection
	GlobalSection(ExtensibilityGlobals) = postSolution
		SolutionGuid = {BCB5D381-2981-409B-8067-EC8D6DE56C3D}
	EndGlobalSection
EndGlobal
