
Microsoft Visual Studio Solution File, Format Version 12.00
# Visual Studio Version 17
VisualStudioVersion = 17.1.32228.430
MinimumVisualStudioVersion = 10.0.40219.1
Project("{FAE04EC0-301F-11D3-BF4B-00C04F79EFBC}") = "Hp", "Hp\Hp.csproj", "{D58B992E-BFF0-4209-B030-2C86582D91F4}"
EndProject
Global
	GlobalSection(SolutionConfigurationPlatforms) = preSolution
		Debug|Any CPU = Debug|Any CPU
		Release|Any CPU = Release|Any CPU
	EndGlobalSection
	GlobalSection(ProjectConfigurationPlatforms) = postSolution
		{D58B992E-BFF0-4209-B030-2C86582D91F4}.Debug|Any CPU.ActiveCfg = Debug|Any CPU
		{D58B992E-BFF0-4209-B030-2C86582D91F4}.Debug|Any CPU.Build.0 = Debug|Any CPU
		{D58B992E-BFF0-4209-B030-2C86582D91F4}.Release|Any CPU.ActiveCfg = Release|Any CPU
		{D58B992E-BFF0-4209-B030-2C86582D91F4}.Release|Any CPU.Build.0 = Release|Any CPU
	EndGlobalSection
	GlobalSection(SolutionProperties) = preSolution
		HideSolutionNode = FALSE
	EndGlobalSection
	GlobalSection(ExtensibilityGlobals) = postSolution
		SolutionGuid = {30841230-5835-463B-92B1-E42BBFEE21A1}
	EndGlobalSection
EndGlobal
