
Microsoft Visual Studio Solution File, Format Version 12.00
# Visual Studio Version 17
VisualStudioVersion = 17.1.32228.430
MinimumVisualStudioVersion = 10.0.40219.1
Project("{FAE04EC0-301F-11D3-BF4B-00C04F79EFBC}") = "ZTJ_8", "ZTJ_8\ZTJ_8.csproj", "{4E06AD2D-9957-4C82-95D8-846BB87B2DE8}"
EndProject
Global
	GlobalSection(SolutionConfigurationPlatforms) = preSolution
		Debug|Any CPU = Debug|Any CPU
		Release|Any CPU = Release|Any CPU
	EndGlobalSection
	GlobalSection(ProjectConfigurationPlatforms) = postSolution
		{4E06AD2D-9957-4C82-95D8-846BB87B2DE8}.Debug|Any CPU.ActiveCfg = Debug|Any CPU
		{4E06AD2D-9957-4C82-95D8-846BB87B2DE8}.Debug|Any CPU.Build.0 = Debug|Any CPU
		{4E06AD2D-9957-4C82-95D8-846BB87B2DE8}.Release|Any CPU.ActiveCfg = Release|Any CPU
		{4E06AD2D-9957-4C82-95D8-846BB87B2DE8}.Release|Any CPU.Build.0 = Release|Any CPU
	EndGlobalSection
	GlobalSection(SolutionProperties) = preSolution
		HideSolutionNode = FALSE
	EndGlobalSection
	GlobalSection(ExtensibilityGlobals) = postSolution
		SolutionGuid = {DAE858DB-0C4C-4C01-BF39-377CAA74FD15}
	EndGlobalSection
EndGlobal
