
Microsoft Visual Studio Solution File, Format Version 12.00
# Visual Studio Version 17
VisualStudioVersion = 17.1.32228.430
MinimumVisualStudioVersion = 10.0.40219.1
Project("{FAE04EC0-301F-11D3-BF4B-00C04F79EFBC}") = "string4", "string4\string4.csproj", "{545392F6-3F14-4B9F-BC5A-114F364A8A05}"
EndProject
Global
	GlobalSection(SolutionConfigurationPlatforms) = preSolution
		Debug|Any CPU = Debug|Any CPU
		Release|Any CPU = Release|Any CPU
	EndGlobalSection
	GlobalSection(ProjectConfigurationPlatforms) = postSolution
		{545392F6-3F14-4B9F-BC5A-114F364A8A05}.Debug|Any CPU.ActiveCfg = Debug|Any CPU
		{545392F6-3F14-4B9F-BC5A-114F364A8A05}.Debug|Any CPU.Build.0 = Debug|Any CPU
		{545392F6-3F14-4B9F-BC5A-114F364A8A05}.Release|Any CPU.ActiveCfg = Release|Any CPU
		{545392F6-3F14-4B9F-BC5A-114F364A8A05}.Release|Any CPU.Build.0 = Release|Any CPU
	EndGlobalSection
	GlobalSection(SolutionProperties) = preSolution
		HideSolutionNode = FALSE
	EndGlobalSection
	GlobalSection(ExtensibilityGlobals) = postSolution
		SolutionGuid = {9DF2AB67-45D8-46E5-B060-ADAAE6DD81FC}
	EndGlobalSection
EndGlobal
